
Microsoft Visual Studio Solution File, Format Version 12.00
# Visual Studio Version 16
VisualStudioVersion = 16.0.32002.261
MinimumVisualStudioVersion = 10.0.40219.1
Project("{9A19103F-16F7-4668-BE54-9A1E7A4F7556}") = "ApiRest.WebApi", "ApiRest.WebApi\ApiRest.WebApi.csproj", "{5191D9E7-D36B-4771-AF08-D6574082D4F0}"
EndProject
Project("{9A19103F-16F7-4668-BE54-9A1E7A4F7556}") = "ApiRest.Application", "ApiRest.Application\ApiRest.Application.csproj", "{9D7F5D01-7E46-4616-994A-B1C29946E0E6}"
EndProject
Project("{9A19103F-16F7-4668-BE54-9A1E7A4F7556}") = "ApiRest.Entities", "ApiRest.Entities\ApiRest.Entities.csproj", "{C2E57D3B-CDC8-4BEF-A896-0BE6DE6F1603}"
EndProject
Project("{9A19103F-16F7-4668-BE54-9A1E7A4F7556}") = "ApiRest.Repository", "ApiRest.Repository\ApiRest.Repository.csproj", "{29AD7ADF-3314-44DB-9CB1-12E80D11835B}"
EndProject
Project("{9A19103F-16F7-4668-BE54-9A1E7A4F7556}") = "ApiRest.Services", "ApiRest.Services\ApiRest.Services.csproj", "{E1377879-A9AA-4DF6-AAEB-DC5096C11CE7}"
EndProject
Project("{9A19103F-16F7-4668-BE54-9A1E7A4F7556}") = "ApiRest.DataAccess", "ApiRest.DataAccess\ApiRest.DataAccess.csproj", "{02C88834-FD03-4AA3-A3B2-9AF3F89C5A32}"
EndProject
Project("{9A19103F-16F7-4668-BE54-9A1E7A4F7556}") = "ApiRest.Abstractions", "ApiRest.Abstractions\ApiRest.Abstractions.csproj", "{1954F2CD-713D-44AE-AB4B-8A0D5B1F8EF1}"
EndProject
Project("{E53339B2-1760-4266-BCC7-CA923CBCF16C}") = "docker-compose", "docker-compose.dcproj", "{9D5374F2-21E9-4687-B4D5-E4D811D30C01}"
EndProject
Global
	GlobalSection(SolutionConfigurationPlatforms) = preSolution
		Debug|Any CPU = Debug|Any CPU
		Release|Any CPU = Release|Any CPU
	EndGlobalSection
	GlobalSection(ProjectConfigurationPlatforms) = postSolution
		{5191D9E7-D36B-4771-AF08-D6574082D4F0}.Debug|Any CPU.ActiveCfg = Debug|Any CPU
		{5191D9E7-D36B-4771-AF08-D6574082D4F0}.Debug|Any CPU.Build.0 = Debug|Any CPU
		{5191D9E7-D36B-4771-AF08-D6574082D4F0}.Release|Any CPU.ActiveCfg = Release|Any CPU
		{5191D9E7-D36B-4771-AF08-D6574082D4F0}.Release|Any CPU.Build.0 = Release|Any CPU
		{9D7F5D01-7E46-4616-994A-B1C29946E0E6}.Debug|Any CPU.ActiveCfg = Debug|Any CPU
		{9D7F5D01-7E46-4616-994A-B1C29946E0E6}.Debug|Any CPU.Build.0 = Debug|Any CPU
		{9D7F5D01-7E46-4616-994A-B1C29946E0E6}.Release|Any CPU.ActiveCfg = Release|Any CPU
		{9D7F5D01-7E46-4616-994A-B1C29946E0E6}.Release|Any CPU.Build.0 = Release|Any CPU
		{C2E57D3B-CDC8-4BEF-A896-0BE6DE6F1603}.Debug|Any CPU.ActiveCfg = Debug|Any CPU
		{C2E57D3B-CDC8-4BEF-A896-0BE6DE6F1603}.Debug|Any CPU.Build.0 = Debug|Any CPU
		{C2E57D3B-CDC8-4BEF-A896-0BE6DE6F1603}.Release|Any CPU.ActiveCfg = Release|Any CPU
		{C2E57D3B-CDC8-4BEF-A896-0BE6DE6F1603}.Release|Any CPU.Build.0 = Release|Any CPU
		{29AD7ADF-3314-44DB-9CB1-12E80D11835B}.Debug|Any CPU.ActiveCfg = Debug|Any CPU
		{29AD7ADF-3314-44DB-9CB1-12E80D11835B}.Debug|Any CPU.Build.0 = Debug|Any CPU
		{29AD7ADF-3314-44DB-9CB1-12E80D11835B}.Release|Any CPU.ActiveCfg = Release|Any CPU
		{29AD7ADF-3314-44DB-9CB1-12E80D11835B}.Release|Any CPU.Build.0 = Release|Any CPU
		{E1377879-A9AA-4DF6-AAEB-DC5096C11CE7}.Debug|Any CPU.ActiveCfg = Debug|Any CPU
		{E1377879-A9AA-4DF6-AAEB-DC5096C11CE7}.Debug|Any CPU.Build.0 = Debug|Any CPU
		{E1377879-A9AA-4DF6-AAEB-DC5096C11CE7}.Release|Any CPU.ActiveCfg = Release|Any CPU
		{E1377879-A9AA-4DF6-AAEB-DC5096C11CE7}.Release|Any CPU.Build.0 = Release|Any CPU
		{02C88834-FD03-4AA3-A3B2-9AF3F89C5A32}.Debug|Any CPU.ActiveCfg = Debug|Any CPU
		{02C88834-FD03-4AA3-A3B2-9AF3F89C5A32}.Debug|Any CPU.Build.0 = Debug|Any CPU
		{02C88834-FD03-4AA3-A3B2-9AF3F89C5A32}.Release|Any CPU.ActiveCfg = Release|Any CPU
		{02C88834-FD03-4AA3-A3B2-9AF3F89C5A32}.Release|Any CPU.Build.0 = Release|Any CPU
		{1954F2CD-713D-44AE-AB4B-8A0D5B1F8EF1}.Debug|Any CPU.ActiveCfg = Debug|Any CPU
		{1954F2CD-713D-44AE-AB4B-8A0D5B1F8EF1}.Debug|Any CPU.Build.0 = Debug|Any CPU
		{1954F2CD-713D-44AE-AB4B-8A0D5B1F8EF1}.Release|Any CPU.ActiveCfg = Release|Any CPU
		{1954F2CD-713D-44AE-AB4B-8A0D5B1F8EF1}.Release|Any CPU.Build.0 = Release|Any CPU
		{9D5374F2-21E9-4687-B4D5-E4D811D30C01}.Debug|Any CPU.ActiveCfg = Debug|Any CPU
		{9D5374F2-21E9-4687-B4D5-E4D811D30C01}.Debug|Any CPU.Build.0 = Debug|Any CPU
		{9D5374F2-21E9-4687-B4D5-E4D811D30C01}.Release|Any CPU.ActiveCfg = Release|Any CPU
		{9D5374F2-21E9-4687-B4D5-E4D811D30C01}.Release|Any CPU.Build.0 = Release|Any CPU
	EndGlobalSection
	GlobalSection(SolutionProperties) = preSolution
		HideSolutionNode = FALSE
	EndGlobalSection
	GlobalSection(ExtensibilityGlobals) = postSolution
		SolutionGuid = {0E95B031-452A-4F50-ADE3-6689E1E04C28}
	EndGlobalSection
EndGlobal
